// !$*UTF8*$!
{
	archiveVersion = 1;
	classes = {
	};
	objectVersion = 48;
	objects = {

/* Begin PBXBuildFile section */
		182146EA20572E2400170645 /* AppDelegate.swift in Sources */ = {isa = PBXBuildFile; fileRef = 182146E920572E2400170645 /* AppDelegate.swift */; };
		182146EC20572E2400170645 /* ViewController.swift in Sources */ = {isa = PBXBuildFile; fileRef = 182146EB20572E2400170645 /* ViewController.swift */; };
		182146EF20572E2400170645 /* Main.storyboard in Resources */ = {isa = PBXBuildFile; fileRef = 182146ED20572E2400170645 /* Main.storyboard */; };
		182146F120572E2400170645 /* Assets.xcassets in Resources */ = {isa = PBXBuildFile; fileRef = 182146F020572E2400170645 /* Assets.xcassets */; };
		182146F420572E2400170645 /* LaunchScreen.storyboard in Resources */ = {isa = PBXBuildFile; fileRef = 182146F220572E2400170645 /* LaunchScreen.storyboard */; };
		182146F920572E2400170645 /* LewisKendrick_KeenFit_Watch WatchKit App.app in Embed Watch Content */ = {isa = PBXBuildFile; fileRef = 182146F820572E2400170645 /* LewisKendrick_KeenFit_Watch WatchKit App.app */; };
		182146FF20572E2400170645 /* Interface.storyboard in Resources */ = {isa = PBXBuildFile; fileRef = 182146FD20572E2400170645 /* Interface.storyboard */; };
		1821470120572E2400170645 /* Assets.xcassets in Resources */ = {isa = PBXBuildFile; fileRef = 1821470020572E2400170645 /* Assets.xcassets */; };
		1821470820572E2400170645 /* LewisKendrick_KeenFit_Watch WatchKit Extension.appex in Embed App Extensions */ = {isa = PBXBuildFile; fileRef = 1821470720572E2400170645 /* LewisKendrick_KeenFit_Watch WatchKit Extension.appex */; settings = {ATTRIBUTES = (RemoveHeadersOnCopy, ); }; };
		1821470D20572E2400170645 /* InterfaceController.swift in Sources */ = {isa = PBXBuildFile; fileRef = 1821470C20572E2400170645 /* InterfaceController.swift */; };
		1821470F20572E2400170645 /* ExtensionDelegate.swift in Sources */ = {isa = PBXBuildFile; fileRef = 1821470E20572E2400170645 /* ExtensionDelegate.swift */; };
		1821471120572E2400170645 /* NotificationController.swift in Sources */ = {isa = PBXBuildFile; fileRef = 1821471020572E2400170645 /* NotificationController.swift */; };
		1821471320572E2400170645 /* Assets.xcassets in Resources */ = {isa = PBXBuildFile; fileRef = 1821471220572E2400170645 /* Assets.xcassets */; };
		1821472420573D6A00170645 /* SecondViewController.swift in Sources */ = {isa = PBXBuildFile; fileRef = 1821472320573D6A00170645 /* SecondViewController.swift */; };
		182147262057C63700170645 /* WorkoutRowController.swift in Sources */ = {isa = PBXBuildFile; fileRef = 182147252057C63700170645 /* WorkoutRowController.swift */; };
		182147282057C78100170645 /* WaterInterfaceController.swift in Sources */ = {isa = PBXBuildFile; fileRef = 182147272057C78100170645 /* WaterInterfaceController.swift */; };
		1821472A2057C7C800170645 /* WorkoutInterfaceController.swift in Sources */ = {isa = PBXBuildFile; fileRef = 182147292057C7C800170645 /* WorkoutInterfaceController.swift */; };
		1821472C2057E4E400170645 /* InfoClass.swift in Sources */ = {isa = PBXBuildFile; fileRef = 1821472B2057E4E400170645 /* InfoClass.swift */; };
		1821472D2057F67200170645 /* InfoClass.swift in Sources */ = {isa = PBXBuildFile; fileRef = 1821472B2057E4E400170645 /* InfoClass.swift */; };
		1821472F2058A2D800170645 /* Workout.swift in Sources */ = {isa = PBXBuildFile; fileRef = 1821472E2058A2D800170645 /* Workout.swift */; };
		182147302058A59000170645 /* Workout.swift in Sources */ = {isa = PBXBuildFile; fileRef = 1821472E2058A2D800170645 /* Workout.swift */; };
/* End PBXBuildFile section */

/* Begin PBXContainerItemProxy section */
		182146FA20572E2400170645 /* PBXContainerItemProxy */ = {
			isa = PBXContainerItemProxy;
			containerPortal = 182146DE20572E2300170645 /* Project object */;
			proxyType = 1;
			remoteGlobalIDString = 182146F720572E2400170645;
			remoteInfo = "LewisKendrick_KeenFit_Watch WatchKit App";
		};
		1821470920572E2400170645 /* PBXContainerItemProxy */ = {
			isa = PBXContainerItemProxy;
			containerPortal = 182146DE20572E2300170645 /* Project object */;
			proxyType = 1;
			remoteGlobalIDString = 1821470620572E2400170645;
			remoteInfo = "LewisKendrick_KeenFit_Watch WatchKit Extension";
		};
/* End PBXContainerItemProxy section */

/* Begin PBXCopyFilesBuildPhase section */
		1821471B20572E2400170645 /* Embed App Extensions */ = {
			isa = PBXCopyFilesBuildPhase;
			buildActionMask = 2147483647;
			dstPath = "";
			dstSubfolderSpec = 13;
			files = (
				1821470820572E2400170645 /* LewisKendrick_KeenFit_Watch WatchKit Extension.appex in Embed App Extensions */,
			);
			name = "Embed App Extensions";
			runOnlyForDeploymentPostprocessing = 0;
		};
		1821471F20572E2400170645 /* Embed Watch Content */ = {
			isa = PBXCopyFilesBuildPhase;
			buildActionMask = 2147483647;
			dstPath = "$(CONTENTS_FOLDER_PATH)/Watch";
			dstSubfolderSpec = 16;
			files = (
				182146F920572E2400170645 /* LewisKendrick_KeenFit_Watch WatchKit App.app in Embed Watch Content */,
			);
			name = "Embed Watch Content";
			runOnlyForDeploymentPostprocessing = 0;
		};
/* End PBXCopyFilesBuildPhase section */

/* Begin PBXFileReference section */
		182146E620572E2400170645 /* LewisKendrick_KeenFit_Watch.app */ = {isa = PBXFileReference; explicitFileType = wrapper.application; includeInIndex = 0; path = LewisKendrick_KeenFit_Watch.app; sourceTree = BUILT_PRODUCTS_DIR; };
		182146E920572E2400170645 /* AppDelegate.swift */ = {isa = PBXFileReference; lastKnownFileType = sourcecode.swift; path = AppDelegate.swift; sourceTree = "<group>"; };
		182146EB20572E2400170645 /* ViewController.swift */ = {isa = PBXFileReference; lastKnownFileType = sourcecode.swift; path = ViewController.swift; sourceTree = "<group>"; };
		182146EE20572E2400170645 /* Base */ = {isa = PBXFileReference; lastKnownFileType = file.storyboard; name = Base; path = Base.lproj/Main.storyboard; sourceTree = "<group>"; };
		182146F020572E2400170645 /* Assets.xcassets */ = {isa = PBXFileReference; lastKnownFileType = folder.assetcatalog; path = Assets.xcassets; sourceTree = "<group>"; };
		182146F320572E2400170645 /* Base */ = {isa = PBXFileReference; lastKnownFileType = file.storyboard; name = Base; path = Base.lproj/LaunchScreen.storyboard; sourceTree = "<group>"; };
		182146F520572E2400170645 /* Info.plist */ = {isa = PBXFileReference; lastKnownFileType = text.plist.xml; path = Info.plist; sourceTree = "<group>"; };
		182146F820572E2400170645 /* LewisKendrick_KeenFit_Watch WatchKit App.app */ = {isa = PBXFileReference; explicitFileType = wrapper.application; includeInIndex = 0; path = "LewisKendrick_KeenFit_Watch WatchKit App.app"; sourceTree = BUILT_PRODUCTS_DIR; };
		182146FE20572E2400170645 /* Base */ = {isa = PBXFileReference; lastKnownFileType = file.storyboard; name = Base; path = Base.lproj/Interface.storyboard; sourceTree = "<group>"; };
		1821470020572E2400170645 /* Assets.xcassets */ = {isa = PBXFileReference; lastKnownFileType = folder.assetcatalog; path = Assets.xcassets; sourceTree = "<group>"; };
		1821470220572E2400170645 /* Info.plist */ = {isa = PBXFileReference; lastKnownFileType = text.plist.xml; path = Info.plist; sourceTree = "<group>"; };
		1821470720572E2400170645 /* LewisKendrick_KeenFit_Watch WatchKit Extension.appex */ = {isa = PBXFileReference; explicitFileType = "wrapper.app-extension"; includeInIndex = 0; path = "LewisKendrick_KeenFit_Watch WatchKit Extension.appex"; sourceTree = BUILT_PRODUCTS_DIR; };
		1821470C20572E2400170645 /* InterfaceController.swift */ = {isa = PBXFileReference; lastKnownFileType = sourcecode.swift; path = InterfaceController.swift; sourceTree = "<group>"; };
		1821470E20572E2400170645 /* ExtensionDelegate.swift */ = {isa = PBXFileReference; lastKnownFileType = sourcecode.swift; path = ExtensionDelegate.swift; sourceTree = "<group>"; };
		1821471020572E2400170645 /* NotificationController.swift */ = {isa = PBXFileReference; lastKnownFileType = sourcecode.swift; path = NotificationController.swift; sourceTree = "<group>"; };
		1821471220572E2400170645 /* Assets.xcassets */ = {isa = PBXFileReference; lastKnownFileType = folder.assetcatalog; path = Assets.xcassets; sourceTree = "<group>"; };
		1821471420572E2400170645 /* Info.plist */ = {isa = PBXFileReference; lastKnownFileType = text.plist.xml; path = Info.plist; sourceTree = "<group>"; };
		1821471520572E2400170645 /* PushNotificationPayload.apns */ = {isa = PBXFileReference; lastKnownFileType = text; path = PushNotificationPayload.apns; sourceTree = "<group>"; };
		1821472320573D6A00170645 /* SecondViewController.swift */ = {isa = PBXFileReference; lastKnownFileType = sourcecode.swift; path = SecondViewController.swift; sourceTree = "<group>"; };
		182147252057C63700170645 /* WorkoutRowController.swift */ = {isa = PBXFileReference; lastKnownFileType = sourcecode.swift; path = WorkoutRowController.swift; sourceTree = "<group>"; };
		182147272057C78100170645 /* WaterInterfaceController.swift */ = {isa = PBXFileReference; lastKnownFileType = sourcecode.swift; path = WaterInterfaceController.swift; sourceTree = "<group>"; };
		182147292057C7C800170645 /* WorkoutInterfaceController.swift */ = {isa = PBXFileReference; lastKnownFileType = sourcecode.swift; path = WorkoutInterfaceController.swift; sourceTree = "<group>"; };
		1821472B2057E4E400170645 /* InfoClass.swift */ = {isa = PBXFileReference; lastKnownFileType = sourcecode.swift; path = InfoClass.swift; sourceTree = "<group>"; };
		1821472E2058A2D800170645 /* Workout.swift */ = {isa = PBXFileReference; lastKnownFileType = sourcecode.swift; path = Workout.swift; sourceTree = "<group>"; };
/* End PBXFileReference section */

/* Begin PBXFrameworksBuildPhase section */
		182146E320572E2400170645 /* Frameworks */ = {
			isa = PBXFrameworksBuildPhase;
			buildActionMask = 2147483647;
			files = (
			);
			runOnlyForDeploymentPostprocessing = 0;
		};
		1821470420572E2400170645 /* Frameworks */ = {
			isa = PBXFrameworksBuildPhase;
			buildActionMask = 2147483647;
			files = (
			);
			runOnlyForDeploymentPostprocessing = 0;
		};
/* End PBXFrameworksBuildPhase section */

/* Begin PBXGroup section */
		182146DD20572E2300170645 = {
			isa = PBXGroup;
			children = (
				182146E820572E2400170645 /* LewisKendrick_KeenFit_Watch */,
				182146FC20572E2400170645 /* LewisKendrick_KeenFit_Watch WatchKit App */,
				1821470B20572E2400170645 /* LewisKendrick_KeenFit_Watch WatchKit Extension */,
				182146E720572E2400170645 /* Products */,
			);
			sourceTree = "<group>";
		};
		182146E720572E2400170645 /* Products */ = {
			isa = PBXGroup;
			children = (
				182146E620572E2400170645 /* LewisKendrick_KeenFit_Watch.app */,
				182146F820572E2400170645 /* LewisKendrick_KeenFit_Watch WatchKit App.app */,
				1821470720572E2400170645 /* LewisKendrick_KeenFit_Watch WatchKit Extension.appex */,
			);
			name = Products;
			sourceTree = "<group>";
		};
		182146E820572E2400170645 /* LewisKendrick_KeenFit_Watch */ = {
			isa = PBXGroup;
			children = (
				182146E920572E2400170645 /* AppDelegate.swift */,
				182146EB20572E2400170645 /* ViewController.swift */,
				182146ED20572E2400170645 /* Main.storyboard */,
				1821472320573D6A00170645 /* SecondViewController.swift */,
				182146F020572E2400170645 /* Assets.xcassets */,
				182146F220572E2400170645 /* LaunchScreen.storyboard */,
				182146F520572E2400170645 /* Info.plist */,
				1821472B2057E4E400170645 /* InfoClass.swift */,
				1821472E2058A2D800170645 /* Workout.swift */,
			);
			path = LewisKendrick_KeenFit_Watch;
			sourceTree = "<group>";
		};
		182146FC20572E2400170645 /* LewisKendrick_KeenFit_Watch WatchKit App */ = {
			isa = PBXGroup;
			children = (
				182146FD20572E2400170645 /* Interface.storyboard */,
				1821470020572E2400170645 /* Assets.xcassets */,
				1821470220572E2400170645 /* Info.plist */,
			);
			path = "LewisKendrick_KeenFit_Watch WatchKit App";
			sourceTree = "<group>";
		};
		1821470B20572E2400170645 /* LewisKendrick_KeenFit_Watch WatchKit Extension */ = {
			isa = PBXGroup;
			children = (
				1821470C20572E2400170645 /* InterfaceController.swift */,
				1821470E20572E2400170645 /* ExtensionDelegate.swift */,
				1821471020572E2400170645 /* NotificationController.swift */,
				1821471220572E2400170645 /* Assets.xcassets */,
				1821471420572E2400170645 /* Info.plist */,
				1821471520572E2400170645 /* PushNotificationPayload.apns */,
				182147252057C63700170645 /* WorkoutRowController.swift */,
				182147272057C78100170645 /* WaterInterfaceController.swift */,
				182147292057C7C800170645 /* WorkoutInterfaceController.swift */,
			);
			path = "LewisKendrick_KeenFit_Watch WatchKit Extension";
			sourceTree = "<group>";
		};
/* End PBXGroup section */

/* Begin PBXNativeTarget section */
		182146E520572E2400170645 /* LewisKendrick_KeenFit_Watch */ = {
			isa = PBXNativeTarget;
			buildConfigurationList = 1821472020572E2400170645 /* Build configuration list for PBXNativeTarget "LewisKendrick_KeenFit_Watch" */;
			buildPhases = (
				182146E220572E2400170645 /* Sources */,
				182146E320572E2400170645 /* Frameworks */,
				182146E420572E2400170645 /* Resources */,
				1821471F20572E2400170645 /* Embed Watch Content */,
			);
			buildRules = (
			);
			dependencies = (
				182146FB20572E2400170645 /* PBXTargetDependency */,
			);
			name = LewisKendrick_KeenFit_Watch;
			productName = LewisKendrick_KeenFit_Watch;
			productReference = 182146E620572E2400170645 /* LewisKendrick_KeenFit_Watch.app */;
			productType = "com.apple.product-type.application";
		};
		182146F720572E2400170645 /* LewisKendrick_KeenFit_Watch WatchKit App */ = {
			isa = PBXNativeTarget;
			buildConfigurationList = 1821471C20572E2400170645 /* Build configuration list for PBXNativeTarget "LewisKendrick_KeenFit_Watch WatchKit App" */;
			buildPhases = (
				182146F620572E2400170645 /* Resources */,
				1821471B20572E2400170645 /* Embed App Extensions */,
			);
			buildRules = (
			);
			dependencies = (
				1821470A20572E2400170645 /* PBXTargetDependency */,
			);
			name = "LewisKendrick_KeenFit_Watch WatchKit App";
			productName = "LewisKendrick_KeenFit_Watch WatchKit App";
			productReference = 182146F820572E2400170645 /* LewisKendrick_KeenFit_Watch WatchKit App.app */;
			productType = "com.apple.product-type.application.watchapp2";
		};
		1821470620572E2400170645 /* LewisKendrick_KeenFit_Watch WatchKit Extension */ = {
			isa = PBXNativeTarget;
			buildConfigurationList = 1821471820572E2400170645 /* Build configuration list for PBXNativeTarget "LewisKendrick_KeenFit_Watch WatchKit Extension" */;
			buildPhases = (
				1821470320572E2400170645 /* Sources */,
				1821470420572E2400170645 /* Frameworks */,
				1821470520572E2400170645 /* Resources */,
			);
			buildRules = (
			);
			dependencies = (
			);
			name = "LewisKendrick_KeenFit_Watch WatchKit Extension";
			productName = "LewisKendrick_KeenFit_Watch WatchKit Extension";
			productReference = 1821470720572E2400170645 /* LewisKendrick_KeenFit_Watch WatchKit Extension.appex */;
			productType = "com.apple.product-type.watchkit2-extension";
		};
/* End PBXNativeTarget section */

/* Begin PBXProject section */
		182146DE20572E2300170645 /* Project object */ = {
			isa = PBXProject;
			attributes = {
				LastSwiftUpdateCheck = 0920;
				LastUpgradeCheck = 0920;
				ORGANIZATIONNAME = "kendrick lewis";
				TargetAttributes = {
					182146E520572E2400170645 = {
						CreatedOnToolsVersion = 9.2;
						ProvisioningStyle = Automatic;
					};
					182146F720572E2400170645 = {
						CreatedOnToolsVersion = 9.2;
						ProvisioningStyle = Automatic;
					};
					1821470620572E2400170645 = {
						CreatedOnToolsVersion = 9.2;
						ProvisioningStyle = Automatic;
					};
				};
			};
			buildConfigurationList = 182146E120572E2400170645 /* Build configuration list for PBXProject "LewisKendrick_KeenFit_Watch" */;
			compatibilityVersion = "Xcode 8.0";
			developmentRegion = en;
			hasScannedForEncodings = 0;
			knownRegions = (
				en,
				Base,
			);
			mainGroup = 182146DD20572E2300170645;
			productRefGroup = 182146E720572E2400170645 /* Products */;
			projectDirPath = "";
			projectRoot = "";
			targets = (
				182146E520572E2400170645 /* LewisKendrick_KeenFit_Watch */,
				182146F720572E2400170645 /* LewisKendrick_KeenFit_Watch WatchKit App */,
				1821470620572E2400170645 /* LewisKendrick_KeenFit_Watch WatchKit Extension */,
			);
		};
/* End PBXProject section */

/* Begin PBXResourcesBuildPhase section */
		182146E420572E2400170645 /* Resources */ = {
			isa = PBXResourcesBuildPhase;
			buildActionMask = 2147483647;
			files = (
				182146F420572E2400170645 /* LaunchScreen.storyboard in Resources */,
				182146F120572E2400170645 /* Assets.xcassets in Resources */,
				182146EF20572E2400170645 /* Main.storyboard in Resources */,
			);
			runOnlyForDeploymentPostprocessing = 0;
		};
		182146F620572E2400170645 /* Resources */ = {
			isa = PBXResourcesBuildPhase;
			buildActionMask = 2147483647;
			files = (
				1821470120572E2400170645 /* Assets.xcassets in Resources */,
				182146FF20572E2400170645 /* Interface.storyboard in Resources */,
			);
			runOnlyForDeploymentPostprocessing = 0;
		};
		1821470520572E2400170645 /* Resources */ = {
			isa = PBXResourcesBuildPhase;
			buildActionMask = 2147483647;
			files = (
				1821471320572E2400170645 /* Assets.xcassets in Resources */,
			);
			runOnlyForDeploymentPostprocessing = 0;
		};
/* End PBXResourcesBuildPhase section */

/* Begin PBXSourcesBuildPhase section */
		182146E220572E2400170645 /* Sources */ = {
			isa = PBXSourcesBuildPhase;
			buildActionMask = 2147483647;
			files = (
				1821472C2057E4E400170645 /* InfoClass.swift in Sources */,
				1821472420573D6A00170645 /* SecondViewController.swift in Sources */,
				182146EC20572E2400170645 /* ViewController.swift in Sources */,
				1821472F2058A2D800170645 /* Workout.swift in Sources */,
				182146EA20572E2400170645 /* AppDelegate.swift in Sources */,
			);
			runOnlyForDeploymentPostprocessing = 0;
		};
		1821470320572E2400170645 /* Sources */ = {
			isa = PBXSourcesBuildPhase;
			buildActionMask = 2147483647;
			files = (
				182147302058A59000170645 /* Workout.swift in Sources */,
				1821472D2057F67200170645 /* InfoClass.swift in Sources */,
				1821471120572E2400170645 /* NotificationController.swift in Sources */,
				1821470F20572E2400170645 /* ExtensionDelegate.swift in Sources */,
				1821472A2057C7C800170645 /* WorkoutInterfaceController.swift in Sources */,
				182147282057C78100170645 /* WaterInterfaceController.swift in Sources */,
				182147262057C63700170645 /* WorkoutRowController.swift in Sources */,
				1821470D20572E2400170645 /* InterfaceController.swift in Sources */,
			);
			runOnlyForDeploymentPostprocessing = 0;
		};
/* End PBXSourcesBuildPhase section */

/* Begin PBXTargetDependency section */
		182146FB20572E2400170645 /* PBXTargetDependency */ = {
			isa = PBXTargetDependency;
			target = 182146F720572E2400170645 /* LewisKendrick_KeenFit_Watch WatchKit App */;
			targetProxy = 182146FA20572E2400170645 /* PBXContainerItemProxy */;
		};
		1821470A20572E2400170645 /* PBXTargetDependency */ = {
			isa = PBXTargetDependency;
			target = 1821470620572E2400170645 /* LewisKendrick_KeenFit_Watch WatchKit Extension */;
			targetProxy = 1821470920572E2400170645 /* PBXContainerItemProxy */;
		};
/* End PBXTargetDependency section */

/* Begin PBXVariantGroup section */
		182146ED20572E2400170645 /* Main.storyboard */ = {
			isa = PBXVariantGroup;
			children = (
				182146EE20572E2400170645 /* Base */,
			);
			name = Main.storyboard;
			sourceTree = "<group>";
		};
		182146F220572E2400170645 /* LaunchScreen.storyboard */ = {
			isa = PBXVariantGroup;
			children = (
				182146F320572E2400170645 /* Base */,
			);
			name = LaunchScreen.storyboard;
			sourceTree = "<group>";
		};
		182146FD20572E2400170645 /* Interface.storyboard */ = {
			isa = PBXVariantGroup;
			children = (
				182146FE20572E2400170645 /* Base */,
			);
			name = Interface.storyboard;
			sourceTree = "<group>";
		};
/* End PBXVariantGroup section */

/* Begin XCBuildConfiguration section */
		1821471620572E2400170645 /* Debug */ = {
			isa = XCBuildConfiguration;
			buildSettings = {
				ALWAYS_SEARCH_USER_PATHS = NO;
				CLANG_ANALYZER_NONNULL = YES;
				CLANG_ANALYZER_NUMBER_OBJECT_CONVERSION = YES_AGGRESSIVE;
				CLANG_CXX_LANGUAGE_STANDARD = "gnu++14";
				CLANG_CXX_LIBRARY = "libc++";
				CLANG_ENABLE_MODULES = YES;
				CLANG_ENABLE_OBJC_ARC = YES;
				CLANG_WARN_BLOCK_CAPTURE_AUTORELEASING = YES;
				CLANG_WARN_BOOL_CONVERSION = YES;
				CLANG_WARN_COMMA = YES;
				CLANG_WARN_CONSTANT_CONVERSION = YES;
				CLANG_WARN_DIRECT_OBJC_ISA_USAGE = YES_ERROR;
				CLANG_WARN_DOCUMENTATION_COMMENTS = YES;
				CLANG_WARN_EMPTY_BODY = YES;
				CLANG_WARN_ENUM_CONVERSION = YES;
				CLANG_WARN_INFINITE_RECURSION = YES;
				CLANG_WARN_INT_CONVERSION = YES;
				CLANG_WARN_NON_LITERAL_NULL_CONVERSION = YES;
				CLANG_WARN_OBJC_LITERAL_CONVERSION = YES;
				CLANG_WARN_OBJC_ROOT_CLASS = YES_ERROR;
				CLANG_WARN_RANGE_LOOP_ANALYSIS = YES;
				CLANG_WARN_STRICT_PROTOTYPES = YES;
				CLANG_WARN_SUSPICIOUS_MOVE = YES;
				CLANG_WARN_UNGUARDED_AVAILABILITY = YES_AGGRESSIVE;
				CLANG_WARN_UNREACHABLE_CODE = YES;
				CLANG_WARN__DUPLICATE_METHOD_MATCH = YES;
				CODE_SIGN_IDENTITY = "iPhone Developer";
				COPY_PHASE_STRIP = NO;
				DEBUG_INFORMATION_FORMAT = dwarf;
				ENABLE_STRICT_OBJC_MSGSEND = YES;
				ENABLE_TESTABILITY = YES;
				GCC_C_LANGUAGE_STANDARD = gnu11;
				GCC_DYNAMIC_NO_PIC = NO;
				GCC_NO_COMMON_BLOCKS = YES;
				GCC_OPTIMIZATION_LEVEL = 0;
				GCC_PREPROCESSOR_DEFINITIONS = (
					"DEBUG=1",
					"$(inherited)",
				);
				GCC_WARN_64_TO_32_BIT_CONVERSION = YES;
				GCC_WARN_ABOUT_RETURN_TYPE = YES_ERROR;
				GCC_WARN_UNDECLARED_SELECTOR = YES;
				GCC_WARN_UNINITIALIZED_AUTOS = YES_AGGRESSIVE;
				GCC_WARN_UNUSED_FUNCTION = YES;
				GCC_WARN_UNUSED_VARIABLE = YES;
				IPHONEOS_DEPLOYMENT_TARGET = 11.2;
				MTL_ENABLE_DEBUG_INFO = YES;
				ONLY_ACTIVE_ARCH = YES;
				SDKROOT = iphoneos;
				SWIFT_ACTIVE_COMPILATION_CONDITIONS = DEBUG;
				SWIFT_OPTIMIZATION_LEVEL = "-Onone";
			};
			name = Debug;
		};
		1821471720572E2400170645 /* Release */ = {
			isa = XCBuildConfiguration;
			buildSettings = {
				ALWAYS_SEARCH_USER_PATHS = NO;
				CLANG_ANALYZER_NONNULL = YES;
				CLANG_ANALYZER_NUMBER_OBJECT_CONVERSION = YES_AGGRESSIVE;
				CLANG_CXX_LANGUAGE_STANDARD = "gnu++14";
				CLANG_CXX_LIBRARY = "libc++";
				CLANG_ENABLE_MODULES = YES;
				CLANG_ENABLE_OBJC_ARC = YES;
				CLANG_WARN_BLOCK_CAPTURE_AUTORELEASING = YES;
				CLANG_WARN_BOOL_CONVERSION = YES;
				CLANG_WARN_COMMA = YES;
				CLANG_WARN_CONSTANT_CONVERSION = YES;
				CLANG_WARN_DIRECT_OBJC_ISA_USAGE = YES_ERROR;
				CLANG_WARN_DOCUMENTATION_COMMENTS = YES;
				CLANG_WARN_EMPTY_BODY = YES;
				CLANG_WARN_ENUM_CONVERSION = YES;
				CLANG_WARN_INFINITE_RECURSION = YES;
				CLANG_WARN_INT_CONVERSION = YES;
				CLANG_WARN_NON_LITERAL_NULL_CONVERSION = YES;
				CLANG_WARN_OBJC_LITERAL_CONVERSION = YES;
				CLANG_WARN_OBJC_ROOT_CLASS = YES_ERROR;
				CLANG_WARN_RANGE_LOOP_ANALYSIS = YES;
				CLANG_WARN_STRICT_PROTOTYPES = YES;
				CLANG_WARN_SUSPICIOUS_MOVE = YES;
				CLANG_WARN_UNGUARDED_AVAILABILITY = YES_AGGRESSIVE;
				CLANG_WARN_UNREACHABLE_CODE = YES;
				CLANG_WARN__DUPLICATE_METHOD_MATCH = YES;
				CODE_SIGN_IDENTITY = "iPhone Developer";
				COPY_PHASE_STRIP = NO;
				DEBUG_INFORMATION_FORMAT = "dwarf-with-dsym";
				ENABLE_NS_ASSERTIONS = NO;
				ENABLE_STRICT_OBJC_MSGSEND = YES;
				GCC_C_LANGUAGE_STANDARD = gnu11;
				GCC_NO_COMMON_BLOCKS = YES;
				GCC_WARN_64_TO_32_BIT_CONVERSION = YES;
				GCC_WARN_ABOUT_RETURN_TYPE = YES_ERROR;
				GCC_WARN_UNDECLARED_SELECTOR = YES;
				GCC_WARN_UNINITIALIZED_AUTOS = YES_AGGRESSIVE;
				GCC_WARN_UNUSED_FUNCTION = YES;
				GCC_WARN_UNUSED_VARIABLE = YES;
				IPHONEOS_DEPLOYMENT_TARGET = 11.2;
				MTL_ENABLE_DEBUG_INFO = NO;
				SDKROOT = iphoneos;
				SWIFT_OPTIMIZATION_LEVEL = "-Owholemodule";
				VALIDATE_PRODUCT = YES;
			};
			name = Release;
		};
		1821471920572E2400170645 /* Debug */ = {
			isa = XCBuildConfiguration;
			buildSettings = {
				ASSETCATALOG_COMPILER_COMPLICATION_NAME = Complication;
				CODE_SIGN_STYLE = Automatic;
				DEVELOPMENT_TEAM = 298HJPYB3Y;
				INFOPLIST_FILE = "LewisKendrick_KeenFit_Watch WatchKit Extension/Info.plist";
				LD_RUNPATH_SEARCH_PATHS = "$(inherited) @executable_path/Frameworks @executable_path/../../Frameworks";
				PRODUCT_BUNDLE_IDENTIFIER = "comm-classnotes.LewisKendrick-KeenFit-Watch.watchkitapp.watchkitextension";
				PRODUCT_NAME = "${TARGET_NAME}";
				SDKROOT = watchos;
				SKIP_INSTALL = YES;
				SWIFT_VERSION = 4.0;
				TARGETED_DEVICE_FAMILY = 4;
				WATCHOS_DEPLOYMENT_TARGET = 4.2;
			};
			name = Debug;
		};
		1821471A20572E2400170645 /* Release */ = {
			isa = XCBuildConfiguration;
			buildSettings = {
				ASSETCATALOG_COMPILER_COMPLICATION_NAME = Complication;
				CODE_SIGN_STYLE = Automatic;
				DEVELOPMENT_TEAM = 298HJPYB3Y;
				INFOPLIST_FILE = "LewisKendrick_KeenFit_Watch WatchKit Extension/Info.plist";
				LD_RUNPATH_SEARCH_PATHS = "$(inherited) @executable_path/Frameworks @executable_path/../../Frameworks";
				PRODUCT_BUNDLE_IDENTIFIER = "comm-classnotes.LewisKendrick-KeenFit-Watch.watchkitapp.watchkitextension";
				PRODUCT_NAME = "${TARGET_NAME}";
				SDKROOT = watchos;
				SKIP_INSTALL = YES;
				SWIFT_VERSION = 4.0;
				TARGETED_DEVICE_FAMILY = 4;
				WATCHOS_DEPLOYMENT_TARGET = 4.2;
			};
			name = Release;
		};
		1821471D20572E2400170645 /* Debug */ = {
			isa = XCBuildConfiguration;
			buildSettings = {
				ALWAYS_EMBED_SWIFT_STANDARD_LIBRARIES = YES;
				ASSETCATALOG_COMPILER_APPICON_NAME = AppIcon;
				CODE_SIGN_STYLE = Automatic;
				DEVELOPMENT_TEAM = 298HJPYB3Y;
				IBSC_MODULE = LewisKendrick_KeenFit_Watch_WatchKit_Extension;
				INFOPLIST_FILE = "LewisKendrick_KeenFit_Watch WatchKit App/Info.plist";
				PRODUCT_BUNDLE_IDENTIFIER = "comm-classnotes.LewisKendrick-KeenFit-Watch.watchkitapp";
				PRODUCT_NAME = "$(TARGET_NAME)";
				SDKROOT = watchos;
				SKIP_INSTALL = YES;
				SWIFT_VERSION = 4.0;
				TARGETED_DEVICE_FAMILY = 4;
				WATCHOS_DEPLOYMENT_TARGET = 4.2;
			};
			name = Debug;
		};
		1821471E20572E2400170645 /* Release */ = {
			isa = XCBuildConfiguration;
			buildSettings = {
				ALWAYS_EMBED_SWIFT_STANDARD_LIBRARIES = YES;
				ASSETCATALOG_COMPILER_APPICON_NAME = AppIcon;
				CODE_SIGN_STYLE = Automatic;
				DEVELOPMENT_TEAM = 298HJPYB3Y;
				IBSC_MODULE = LewisKendrick_KeenFit_Watch_WatchKit_Extension;
				INFOPLIST_FILE = "LewisKendrick_KeenFit_Watch WatchKit App/Info.plist";
				PRODUCT_BUNDLE_IDENTIFIER = "comm-classnotes.LewisKendrick-KeenFit-Watch.watchkitapp";
				PRODUCT_NAME = "$(TARGET_NAME)";
				SDKROOT = watchos;
				SKIP_INSTALL = YES;
				SWIFT_VERSION = 4.0;
				TARGETED_DEVICE_FAMILY = 4;
				WATCHOS_DEPLOYMENT_TARGET = 4.2;
			};
			name = Release;
		};
		1821472120572E2400170645 /* Debug */ = {
			isa = XCBuildConfiguration;
			buildSettings = {
				ASSETCATALOG_COMPILER_APPICON_NAME = AppIcon;
				CODE_SIGN_STYLE = Automatic;
				DEVELOPMENT_TEAM = 298HJPYB3Y;
				INFOPLIST_FILE = LewisKendrick_KeenFit_Watch/Info.plist;
				LD_RUNPATH_SEARCH_PATHS = "$(inherited) @executable_path/Frameworks";
				PRODUCT_BUNDLE_IDENTIFIER = "comm-classnotes.LewisKendrick-KeenFit-Watch";
				PRODUCT_NAME = "$(TARGET_NAME)";
				SWIFT_VERSION = 4.0;
				TARGETED_DEVICE_FAMILY = "1,2";
			};
			name = Debug;
		};
		1821472220572E2400170645 /* Release */ = {
			isa = XCBuildConfiguration;
			buildSettings = {
				ASSETCATALOG_COMPILER_APPICON_NAME = AppIcon;
				CODE_SIGN_STYLE = Automatic;
				DEVELOPMENT_TEAM = 298HJPYB3Y;
				INFOPLIST_FILE = LewisKendrick_KeenFit_Watch/Info.plist;
				LD_RUNPATH_SEARCH_PATHS = "$(inherited) @executable_path/Frameworks";
				PRODUCT_BUNDLE_IDENTIFIER = "comm-classnotes.LewisKendrick-KeenFit-Watch";
				PRODUCT_NAME = "$(TARGET_NAME)";
				SWIFT_VERSION = 4.0;
				TARGETED_DEVICE_FAMILY = "1,2";
			};
			name = Release;
		};
/* End XCBuildConfiguration section */

/* Begin XCConfigurationList section */
		182146E120572E2400170645 /* Build configuration list for PBXProject "LewisKendrick_KeenFit_Watch" */ = {
			isa = XCConfigurationList;
			buildConfigurations = (
				1821471620572E2400170645 /* Debug */,
				1821471720572E2400170645 /* Release */,
			);
			defaultConfigurationIsVisible = 0;
			defaultConfigurationName = Release;
		};
		1821471820572E2400170645 /* Build configuration list for PBXNativeTarget "LewisKendrick_KeenFit_Watch WatchKit Extension" */ = {
			isa = XCConfigurationList;
			buildConfigurations = (
				1821471920572E2400170645 /* Debug */,
				1821471A20572E2400170645 /* Release */,
			);
			defaultConfigurationIsVisible = 0;
			defaultConfigurationName = Release;
		};
		1821471C20572E2400170645 /* Build configuration list for PBXNativeTarget "LewisKendrick_KeenFit_Watch WatchKit App" */ = {
			isa = XCConfigurationList;
			buildConfigurations = (
				1821471D20572E2400170645 /* Debug */,
				1821471E20572E2400170645 /* Release */,
			);
			defaultConfigurationIsVisible = 0;
			defaultConfigurationName = Release;
		};
		1821472020572E2400170645 /* Build configuration list for PBXNativeTarget "LewisKendrick_KeenFit_Watch" */ = {
			isa = XCConfigurationList;
			buildConfigurations = (
				1821472120572E2400170645 /* Debug */,
				1821472220572E2400170645 /* Release */,
			);
			defaultConfigurationIsVisible = 0;
			defaultConfigurationName = Release;
		};
/* End XCConfigurationList section */
	};
	rootObject = 182146DE20572E2300170645 /* Project object */;
}
